
Microsoft Visual Studio Solution File, Format Version 12.00
# Visual Studio Version 17
VisualStudioVersion = 17.0.31903.59
MinimumVisualStudioVersion = 10.0.40219.1
Project("{FAE04EC0-301F-11D3-BF4B-00C04F79EFBC}") = "ImportExport.Api", "ImportExport.Api\ImportExport.Api.csproj", "{66798CA8-CCBA-4C61-8BD6-BA859492CAD1}"
EndProject
Global
	GlobalSection(SolutionConfigurationPlatforms) = preSolution
		Debug|Any CPU = Debug|Any CPU
		Release|Any CPU = Release|Any CPU
	EndGlobalSection
	GlobalSection(ProjectConfigurationPlatforms) = postSolution
		{66798CA8-CCBA-4C61-8BD6-BA859492CAD1}.Debug|Any CPU.ActiveCfg = Debug|Any CPU
		{66798CA8-CCBA-4C61-8BD6-BA859492CAD1}.Debug|Any CPU.Build.0 = Debug|Any CPU
		{66798CA8-CCBA-4C61-8BD6-BA859492CAD1}.Release|Any CPU.ActiveCfg = Release|Any CPU
		{66798CA8-CCBA-4C61-8BD6-BA859492CAD1}.Release|Any CPU.Build.0 = Release|Any CPU
	EndGlobalSection
	GlobalSection(SolutionProperties) = preSolution
		HideSolutionNode = FALSE
	EndGlobalSection
	GlobalSection(ExtensibilityGlobals) = postSolution
		SolutionGuid = {34DB40F6-04F9-40AE-B148-55C709197BAA}
	EndGlobalSection
EndGlobal
